
Microsoft Visual Studio Solution File, Format Version 12.00
# Visual Studio Version 17
VisualStudioVersion = 17.2.32526.322
MinimumVisualStudioVersion = 10.0.40219.1
Project("{9A19103F-16F7-4668-BE54-9A1E7A4F7556}") = "TesseractEngine-Core", "TesseractEngine\TesseractEngine-Core\TesseractEngine-Core.csproj", "{A905E42C-E56E-493B-8BB5-63B4E04584C8}"
EndProject
Project("{9A19103F-16F7-4668-BE54-9A1E7A4F7556}") = "TesseractEngine-GLFW", "TesseractEngine\TesseractEngine-GLFW\TesseractEngine-GLFW.csproj", "{BA6923A8-0332-4EBF-8D46-616CE99ECF5D}"
EndProject
Project("{9A19103F-16F7-4668-BE54-9A1E7A4F7556}") = "TesseractEngine-Vulkan", "TesseractEngine\TesseractEngine-Vulkan\TesseractEngine-Vulkan.csproj", "{138C2530-F181-45C3-97E6-B560B87DE834}"
EndProject
Project("{9A19103F-16F7-4668-BE54-9A1E7A4F7556}") = "TesseractEngine-Tests-All", "TesseractEngine-Tests-All\TesseractEngine-Tests-All.csproj", "{016CD4BB-F593-4B35-92BC-E6623ECA8111}"
EndProject
Project("{9A19103F-16F7-4668-BE54-9A1E7A4F7556}") = "TesseractEngine-GL", "TesseractEngine\TesseractEngine-GL\TesseractEngine-GL.csproj", "{2F41B8AE-6588-46DF-B119-7418DE3CD3B2}"
EndProject
Project("{9A19103F-16F7-4668-BE54-9A1E7A4F7556}") = "TesseractEngine-SDL2", "TesseractEngine\TesseractEngine-SDL2\TesseractEngine-SDL2.csproj", "{B97AC705-3781-44DC-95C0-56DE4D8F339C}"
EndProject
Project("{9A19103F-16F7-4668-BE54-9A1E7A4F7556}") = "TesseractEngine-ImGui", "TesseractEngine\TesseractEngine-ImGui\TesseractEngine-ImGui.csproj", "{43877B59-F41A-408C-8719-F14574BAC3AB}"
EndProject
Project("{8BC9CEB8-8B4A-11D0-8D11-00A0C91BC942}") = "TesseractEngine-ImGui-CLI", "TesseractEngine\TesseractEngine-ImGui-CLI\TesseractEngine-ImGui-CLI.vcxproj", "{A2941801-C897-4DBF-9774-B6F193521427}"
	ProjectSection(ProjectDependencies) = postProject
		{E85F018B-04B6-41A3-86F8-120360B8D6E7} = {E85F018B-04B6-41A3-86F8-120360B8D6E7}
	EndProjectSection
EndProject
Project("{9A19103F-16F7-4668-BE54-9A1E7A4F7556}") = "TesseractEngine-ImGui-SDL2", "TesseractEngine\TesseractEngine-ImGui-SDL2\TesseractEngine-ImGui-SDL2.csproj", "{A70FD749-BE17-4934-AD2A-789006F15A13}"
EndProject
Project("{9A19103F-16F7-4668-BE54-9A1E7A4F7556}") = "TesseractEngine-ImGui-OpenGL", "TesseractEngine\TesseractEngine-ImGui-OpenGL\TesseractEngine-ImGui-OpenGL.csproj", "{0CDB1D5C-9073-460D-B89B-F0C09AF32304}"
EndProject
Project("{9A19103F-16F7-4668-BE54-9A1E7A4F7556}") = "TesseractEngine-GLFW-OpenGL", "TesseractEngine\TesseractEngine-GLFW-OpenGL\TesseractEngine-GLFW-OpenGL.csproj", "{91257060-4EB4-4552-B63B-02D9D2D5408D}"
EndProject
Project("{9A19103F-16F7-4668-BE54-9A1E7A4F7556}") = "TesseractEngine-GLFW-Vulkan", "TesseractEngine\TesseractEngine-GLFW-Vulkan\TesseractEngine-GLFW-Vulkan.csproj", "{C126FB2C-C4E2-478B-8315-9130AAE38160}"
EndProject
Project("{9A19103F-16F7-4668-BE54-9A1E7A4F7556}") = "TesseractEngine-SDL2-Vulkan", "TesseractEngine\TesseractEngine-SDL2-Vulkan\TesseractEngine-SDL2-Vulkan.csproj", "{34188660-9C83-4F6B-9004-C27F9B583704}"
EndProject
Project("{9A19103F-16F7-4668-BE54-9A1E7A4F7556}") = "TesseractEngine-SDL2-OpenGL", "TesseractEngine\TesseractEngine-SDL2-OpenGL\TesseractEngine-SDL2-OpenGL.csproj", "{F85DAFF4-6241-4AC3-9004-A772C07D2986}"
EndProject
Project("{9A19103F-16F7-4668-BE54-9A1E7A4F7556}") = "TesseractEngine-Win32", "TesseractEngine\TesseractEngine-Win32\TesseractEngine-Win32.csproj", "{DC71F06C-E79D-4415-9C90-3525F9CBFF49}"
EndProject
Project("{9A19103F-16F7-4668-BE54-9A1E7A4F7556}") = "TesseractEngine-DirectX", "TesseractEngine\TesseractEngine-DirectX\TesseractEngine-DirectX.csproj", "{EE4A06C0-221C-4BC3-BC18-C93C248E615B}"
EndProject
Project("{9A19103F-16F7-4668-BE54-9A1E7A4F7556}") = "TesseractEngine-Tests-Win32", "TesseractEngine-Tests-Win32\TesseractEngine-Tests-Win32.csproj", "{423B8EE7-BBBB-442F-ACD0-AA5D2F3139A3}"
EndProject
Project("{2150E333-8FDC-42A3-9474-1A3956D46DE8}") = "Engine", "Engine", "{3AFEDDFA-D207-4CDD-A6AD-6832BD8B0A83}"
EndProject
Project("{9A19103F-16F7-4668-BE54-9A1E7A4F7556}") = "TesseractEngine-ImGui-Core", "TesseractEngine\TesseractEngine-ImGui-Core\TesseractEngine-ImGui-Core.csproj", "{E85F018B-04B6-41A3-86F8-120360B8D6E7}"
EndProject
Global
	GlobalSection(SolutionConfigurationPlatforms) = preSolution
		Debug|Any CPU = Debug|Any CPU
		Debug|x64 = Debug|x64
		Debug|x86 = Debug|x86
		Release|Any CPU = Release|Any CPU
		Release|x64 = Release|x64
		Release|x86 = Release|x86
	EndGlobalSection
	GlobalSection(ProjectConfigurationPlatforms) = postSolution
		{A905E42C-E56E-493B-8BB5-63B4E04584C8}.Debug|Any CPU.ActiveCfg = Debug|Any CPU
		{A905E42C-E56E-493B-8BB5-63B4E04584C8}.Debug|Any CPU.Build.0 = Debug|Any CPU
		{A905E42C-E56E-493B-8BB5-63B4E04584C8}.Debug|x64.ActiveCfg = Debug|Any CPU
		{A905E42C-E56E-493B-8BB5-63B4E04584C8}.Debug|x64.Build.0 = Debug|Any CPU
		{A905E42C-E56E-493B-8BB5-63B4E04584C8}.Debug|x86.ActiveCfg = Debug|Any CPU
		{A905E42C-E56E-493B-8BB5-63B4E04584C8}.Debug|x86.Build.0 = Debug|Any CPU
		{A905E42C-E56E-493B-8BB5-63B4E04584C8}.Release|Any CPU.ActiveCfg = Release|Any CPU
		{A905E42C-E56E-493B-8BB5-63B4E04584C8}.Release|Any CPU.Build.0 = Release|Any CPU
		{A905E42C-E56E-493B-8BB5-63B4E04584C8}.Release|x64.ActiveCfg = Release|Any CPU
		{A905E42C-E56E-493B-8BB5-63B4E04584C8}.Release|x64.Build.0 = Release|Any CPU
		{A905E42C-E56E-493B-8BB5-63B4E04584C8}.Release|x86.ActiveCfg = Release|Any CPU
		{A905E42C-E56E-493B-8BB5-63B4E04584C8}.Release|x86.Build.0 = Release|Any CPU
		{BA6923A8-0332-4EBF-8D46-616CE99ECF5D}.Debug|Any CPU.ActiveCfg = Debug|Any CPU
		{BA6923A8-0332-4EBF-8D46-616CE99ECF5D}.Debug|Any CPU.Build.0 = Debug|Any CPU
		{BA6923A8-0332-4EBF-8D46-616CE99ECF5D}.Debug|x64.ActiveCfg = Debug|Any CPU
		{BA6923A8-0332-4EBF-8D46-616CE99ECF5D}.Debug|x64.Build.0 = Debug|Any CPU
		{BA6923A8-0332-4EBF-8D46-616CE99ECF5D}.Debug|x86.ActiveCfg = Debug|Any CPU
		{BA6923A8-0332-4EBF-8D46-616CE99ECF5D}.Debug|x86.Build.0 = Debug|Any CPU
		{BA6923A8-0332-4EBF-8D46-616CE99ECF5D}.Release|Any CPU.ActiveCfg = Release|Any CPU
		{BA6923A8-0332-4EBF-8D46-616CE99ECF5D}.Release|Any CPU.Build.0 = Release|Any CPU
		{BA6923A8-0332-4EBF-8D46-616CE99ECF5D}.Release|x64.ActiveCfg = Release|Any CPU
		{BA6923A8-0332-4EBF-8D46-616CE99ECF5D}.Release|x64.Build.0 = Release|Any CPU
		{BA6923A8-0332-4EBF-8D46-616CE99ECF5D}.Release|x86.ActiveCfg = Release|Any CPU
		{BA6923A8-0332-4EBF-8D46-616CE99ECF5D}.Release|x86.Build.0 = Release|Any CPU
		{138C2530-F181-45C3-97E6-B560B87DE834}.Debug|Any CPU.ActiveCfg = Debug|Any CPU
		{138C2530-F181-45C3-97E6-B560B87DE834}.Debug|Any CPU.Build.0 = Debug|Any CPU
		{138C2530-F181-45C3-97E6-B560B87DE834}.Debug|x64.ActiveCfg = Debug|Any CPU
		{138C2530-F181-45C3-97E6-B560B87DE834}.Debug|x64.Build.0 = Debug|Any CPU
		{138C2530-F181-45C3-97E6-B560B87DE834}.Debug|x86.ActiveCfg = Debug|Any CPU
		{138C2530-F181-45C3-97E6-B560B87DE834}.Debug|x86.Build.0 = Debug|Any CPU
		{138C2530-F181-45C3-97E6-B560B87DE834}.Release|Any CPU.ActiveCfg = Release|Any CPU
		{138C2530-F181-45C3-97E6-B560B87DE834}.Release|Any CPU.Build.0 = Release|Any CPU
		{138C2530-F181-45C3-97E6-B560B87DE834}.Release|x64.ActiveCfg = Release|Any CPU
		{138C2530-F181-45C3-97E6-B560B87DE834}.Release|x64.Build.0 = Release|Any CPU
		{138C2530-F181-45C3-97E6-B560B87DE834}.Release|x86.ActiveCfg = Release|Any CPU
		{138C2530-F181-45C3-97E6-B560B87DE834}.Release|x86.Build.0 = Release|Any CPU
		{016CD4BB-F593-4B35-92BC-E6623ECA8111}.Debug|Any CPU.ActiveCfg = Debug|Any CPU
		{016CD4BB-F593-4B35-92BC-E6623ECA8111}.Debug|Any CPU.Build.0 = Debug|Any CPU
		{016CD4BB-F593-4B35-92BC-E6623ECA8111}.Debug|x64.ActiveCfg = Debug|Any CPU
		{016CD4BB-F593-4B35-92BC-E6623ECA8111}.Debug|x64.Build.0 = Debug|Any CPU
		{016CD4BB-F593-4B35-92BC-E6623ECA8111}.Debug|x86.ActiveCfg = Debug|Any CPU
		{016CD4BB-F593-4B35-92BC-E6623ECA8111}.Debug|x86.Build.0 = Debug|Any CPU
		{016CD4BB-F593-4B35-92BC-E6623ECA8111}.Release|Any CPU.ActiveCfg = Release|Any CPU
		{016CD4BB-F593-4B35-92BC-E6623ECA8111}.Release|Any CPU.Build.0 = Release|Any CPU
		{016CD4BB-F593-4B35-92BC-E6623ECA8111}.Release|x64.ActiveCfg = Release|Any CPU
		{016CD4BB-F593-4B35-92BC-E6623ECA8111}.Release|x64.Build.0 = Release|Any CPU
		{016CD4BB-F593-4B35-92BC-E6623ECA8111}.Release|x86.ActiveCfg = Release|Any CPU
		{016CD4BB-F593-4B35-92BC-E6623ECA8111}.Release|x86.Build.0 = Release|Any CPU
		{2F41B8AE-6588-46DF-B119-7418DE3CD3B2}.Debug|Any CPU.ActiveCfg = Debug|Any CPU
		{2F41B8AE-6588-46DF-B119-7418DE3CD3B2}.Debug|Any CPU.Build.0 = Debug|Any CPU
		{2F41B8AE-6588-46DF-B119-7418DE3CD3B2}.Debug|x64.ActiveCfg = Debug|Any CPU
		{2F41B8AE-6588-46DF-B119-7418DE3CD3B2}.Debug|x64.Build.0 = Debug|Any CPU
		{2F41B8AE-6588-46DF-B119-7418DE3CD3B2}.Debug|x86.ActiveCfg = Debug|Any CPU
		{2F41B8AE-6588-46DF-B119-7418DE3CD3B2}.Debug|x86.Build.0 = Debug|Any CPU
		{2F41B8AE-6588-46DF-B119-7418DE3CD3B2}.Release|Any CPU.ActiveCfg = Release|Any CPU
		{2F41B8AE-6588-46DF-B119-7418DE3CD3B2}.Release|Any CPU.Build.0 = Release|Any CPU
		{2F41B8AE-6588-46DF-B119-7418DE3CD3B2}.Release|x64.ActiveCfg = Release|Any CPU
		{2F41B8AE-6588-46DF-B119-7418DE3CD3B2}.Release|x64.Build.0 = Release|Any CPU
		{2F41B8AE-6588-46DF-B119-7418DE3CD3B2}.Release|x86.ActiveCfg = Release|Any CPU
		{2F41B8AE-6588-46DF-B119-7418DE3CD3B2}.Release|x86.Build.0 = Release|Any CPU
		{B97AC705-3781-44DC-95C0-56DE4D8F339C}.Debug|Any CPU.ActiveCfg = Debug|Any CPU
		{B97AC705-3781-44DC-95C0-56DE4D8F339C}.Debug|Any CPU.Build.0 = Debug|Any CPU
		{B97AC705-3781-44DC-95C0-56DE4D8F339C}.Debug|x64.ActiveCfg = Debug|Any CPU
		{B97AC705-3781-44DC-95C0-56DE4D8F339C}.Debug|x64.Build.0 = Debug|Any CPU
		{B97AC705-3781-44DC-95C0-56DE4D8F339C}.Debug|x86.ActiveCfg = Debug|Any CPU
		{B97AC705-3781-44DC-95C0-56DE4D8F339C}.Debug|x86.Build.0 = Debug|Any CPU
		{B97AC705-3781-44DC-95C0-56DE4D8F339C}.Release|Any CPU.ActiveCfg = Release|Any CPU
		{B97AC705-3781-44DC-95C0-56DE4D8F339C}.Release|Any CPU.Build.0 = Release|Any CPU
		{B97AC705-3781-44DC-95C0-56DE4D8F339C}.Release|x64.ActiveCfg = Release|Any CPU
		{B97AC705-3781-44DC-95C0-56DE4D8F339C}.Release|x64.Build.0 = Release|Any CPU
		{B97AC705-3781-44DC-95C0-56DE4D8F339C}.Release|x86.ActiveCfg = Release|Any CPU
		{B97AC705-3781-44DC-95C0-56DE4D8F339C}.Release|x86.Build.0 = Release|Any CPU
		{43877B59-F41A-408C-8719-F14574BAC3AB}.Debug|Any CPU.ActiveCfg = Debug|Any CPU
		{43877B59-F41A-408C-8719-F14574BAC3AB}.Debug|Any CPU.Build.0 = Debug|Any CPU
		{43877B59-F41A-408C-8719-F14574BAC3AB}.Debug|x64.ActiveCfg = Debug|Any CPU
		{43877B59-F41A-408C-8719-F14574BAC3AB}.Debug|x64.Build.0 = Debug|Any CPU
		{43877B59-F41A-408C-8719-F14574BAC3AB}.Debug|x86.ActiveCfg = Debug|Any CPU
		{43877B59-F41A-408C-8719-F14574BAC3AB}.Debug|x86.Build.0 = Debug|Any CPU
		{43877B59-F41A-408C-8719-F14574BAC3AB}.Release|Any CPU.ActiveCfg = Release|Any CPU
		{43877B59-F41A-408C-8719-F14574BAC3AB}.Release|Any CPU.Build.0 = Release|Any CPU
		{43877B59-F41A-408C-8719-F14574BAC3AB}.Release|x64.ActiveCfg = Release|Any CPU
		{43877B59-F41A-408C-8719-F14574BAC3AB}.Release|x64.Build.0 = Release|Any CPU
		{43877B59-F41A-408C-8719-F14574BAC3AB}.Release|x86.ActiveCfg = Release|Any CPU
		{43877B59-F41A-408C-8719-F14574BAC3AB}.Release|x86.Build.0 = Release|Any CPU
		{A2941801-C897-4DBF-9774-B6F193521427}.Debug|Any CPU.ActiveCfg = Debug|x64
		{A2941801-C897-4DBF-9774-B6F193521427}.Debug|Any CPU.Build.0 = Debug|x64
		{A2941801-C897-4DBF-9774-B6F193521427}.Debug|x64.ActiveCfg = Debug|x64
		{A2941801-C897-4DBF-9774-B6F193521427}.Debug|x64.Build.0 = Debug|x64
		{A2941801-C897-4DBF-9774-B6F193521427}.Debug|x86.ActiveCfg = Debug|Win32
		{A2941801-C897-4DBF-9774-B6F193521427}.Debug|x86.Build.0 = Debug|Win32
		{A2941801-C897-4DBF-9774-B6F193521427}.Release|Any CPU.ActiveCfg = Release|x64
		{A2941801-C897-4DBF-9774-B6F193521427}.Release|Any CPU.Build.0 = Release|x64
		{A2941801-C897-4DBF-9774-B6F193521427}.Release|x64.ActiveCfg = Release|x64
		{A2941801-C897-4DBF-9774-B6F193521427}.Release|x64.Build.0 = Release|x64
		{A2941801-C897-4DBF-9774-B6F193521427}.Release|x86.ActiveCfg = Release|Win32
		{A2941801-C897-4DBF-9774-B6F193521427}.Release|x86.Build.0 = Release|Win32
		{A70FD749-BE17-4934-AD2A-789006F15A13}.Debug|Any CPU.ActiveCfg = Debug|Any CPU
		{A70FD749-BE17-4934-AD2A-789006F15A13}.Debug|Any CPU.Build.0 = Debug|Any CPU
		{A70FD749-BE17-4934-AD2A-789006F15A13}.Debug|x64.ActiveCfg = Debug|Any CPU
		{A70FD749-BE17-4934-AD2A-789006F15A13}.Debug|x64.Build.0 = Debug|Any CPU
		{A70FD749-BE17-4934-AD2A-789006F15A13}.Debug|x86.ActiveCfg = Debug|Any CPU
		{A70FD749-BE17-4934-AD2A-789006F15A13}.Debug|x86.Build.0 = Debug|Any CPU
		{A70FD749-BE17-4934-AD2A-789006F15A13}.Release|Any CPU.ActiveCfg = Release|Any CPU
		{A70FD749-BE17-4934-AD2A-789006F15A13}.Release|Any CPU.Build.0 = Release|Any CPU
		{A70FD749-BE17-4934-AD2A-789006F15A13}.Release|x64.ActiveCfg = Release|Any CPU
		{A70FD749-BE17-4934-AD2A-789006F15A13}.Release|x64.Build.0 = Release|Any CPU
		{A70FD749-BE17-4934-AD2A-789006F15A13}.Release|x86.ActiveCfg = Release|Any CPU
		{A70FD749-BE17-4934-AD2A-789006F15A13}.Release|x86.Build.0 = Release|Any CPU
		{0CDB1D5C-9073-460D-B89B-F0C09AF32304}.Debug|Any CPU.ActiveCfg = Debug|Any CPU
		{0CDB1D5C-9073-460D-B89B-F0C09AF32304}.Debug|Any CPU.Build.0 = Debug|Any CPU
		{0CDB1D5C-9073-460D-B89B-F0C09AF32304}.Debug|x64.ActiveCfg = Debug|Any CPU
		{0CDB1D5C-9073-460D-B89B-F0C09AF32304}.Debug|x64.Build.0 = Debug|Any CPU
		{0CDB1D5C-9073-460D-B89B-F0C09AF32304}.Debug|x86.ActiveCfg = Debug|Any CPU
		{0CDB1D5C-9073-460D-B89B-F0C09AF32304}.Debug|x86.Build.0 = Debug|Any CPU
		{0CDB1D5C-9073-460D-B89B-F0C09AF32304}.Release|Any CPU.ActiveCfg = Release|Any CPU
		{0CDB1D5C-9073-460D-B89B-F0C09AF32304}.Release|Any CPU.Build.0 = Release|Any CPU
		{0CDB1D5C-9073-460D-B89B-F0C09AF32304}.Release|x64.ActiveCfg = Release|Any CPU
		{0CDB1D5C-9073-460D-B89B-F0C09AF32304}.Release|x64.Build.0 = Release|Any CPU
		{0CDB1D5C-9073-460D-B89B-F0C09AF32304}.Release|x86.ActiveCfg = Release|Any CPU
		{0CDB1D5C-9073-460D-B89B-F0C09AF32304}.Release|x86.Build.0 = Release|Any CPU
		{91257060-4EB4-4552-B63B-02D9D2D5408D}.Debug|Any CPU.ActiveCfg = Debug|Any CPU
		{91257060-4EB4-4552-B63B-02D9D2D5408D}.Debug|Any CPU.Build.0 = Debug|Any CPU
		{91257060-4EB4-4552-B63B-02D9D2D5408D}.Debug|x64.ActiveCfg = Debug|Any CPU
		{91257060-4EB4-4552-B63B-02D9D2D5408D}.Debug|x64.Build.0 = Debug|Any CPU
		{91257060-4EB4-4552-B63B-02D9D2D5408D}.Debug|x86.ActiveCfg = Debug|Any CPU
		{91257060-4EB4-4552-B63B-02D9D2D5408D}.Debug|x86.Build.0 = Debug|Any CPU
		{91257060-4EB4-4552-B63B-02D9D2D5408D}.Release|Any CPU.ActiveCfg = Release|Any CPU
		{91257060-4EB4-4552-B63B-02D9D2D5408D}.Release|Any CPU.Build.0 = Release|Any CPU
		{91257060-4EB4-4552-B63B-02D9D2D5408D}.Release|x64.ActiveCfg = Release|Any CPU
		{91257060-4EB4-4552-B63B-02D9D2D5408D}.Release|x64.Build.0 = Release|Any CPU
		{91257060-4EB4-4552-B63B-02D9D2D5408D}.Release|x86.ActiveCfg = Release|Any CPU
		{91257060-4EB4-4552-B63B-02D9D2D5408D}.Release|x86.Build.0 = Release|Any CPU
		{C126FB2C-C4E2-478B-8315-9130AAE38160}.Debug|Any CPU.ActiveCfg = Debug|Any CPU
		{C126FB2C-C4E2-478B-8315-9130AAE38160}.Debug|Any CPU.Build.0 = Debug|Any CPU
		{C126FB2C-C4E2-478B-8315-9130AAE38160}.Debug|x64.ActiveCfg = Debug|Any CPU
		{C126FB2C-C4E2-478B-8315-9130AAE38160}.Debug|x64.Build.0 = Debug|Any CPU
		{C126FB2C-C4E2-478B-8315-9130AAE38160}.Debug|x86.ActiveCfg = Debug|Any CPU
		{C126FB2C-C4E2-478B-8315-9130AAE38160}.Debug|x86.Build.0 = Debug|Any CPU
		{C126FB2C-C4E2-478B-8315-9130AAE38160}.Release|Any CPU.ActiveCfg = Release|Any CPU
		{C126FB2C-C4E2-478B-8315-9130AAE38160}.Release|Any CPU.Build.0 = Release|Any CPU
		{C126FB2C-C4E2-478B-8315-9130AAE38160}.Release|x64.ActiveCfg = Release|Any CPU
		{C126FB2C-C4E2-478B-8315-9130AAE38160}.Release|x64.Build.0 = Release|Any CPU
		{C126FB2C-C4E2-478B-8315-9130AAE38160}.Release|x86.ActiveCfg = Release|Any CPU
		{C126FB2C-C4E2-478B-8315-9130AAE38160}.Release|x86.Build.0 = Release|Any CPU
		{34188660-9C83-4F6B-9004-C27F9B583704}.Debug|Any CPU.ActiveCfg = Debug|Any CPU
		{34188660-9C83-4F6B-9004-C27F9B583704}.Debug|Any CPU.Build.0 = Debug|Any CPU
		{34188660-9C83-4F6B-9004-C27F9B583704}.Debug|x64.ActiveCfg = Debug|Any CPU
		{34188660-9C83-4F6B-9004-C27F9B583704}.Debug|x64.Build.0 = Debug|Any CPU
		{34188660-9C83-4F6B-9004-C27F9B583704}.Debug|x86.ActiveCfg = Debug|Any CPU
		{34188660-9C83-4F6B-9004-C27F9B583704}.Debug|x86.Build.0 = Debug|Any CPU
		{34188660-9C83-4F6B-9004-C27F9B583704}.Release|Any CPU.ActiveCfg = Release|Any CPU
		{34188660-9C83-4F6B-9004-C27F9B583704}.Release|Any CPU.Build.0 = Release|Any CPU
		{34188660-9C83-4F6B-9004-C27F9B583704}.Release|x64.ActiveCfg = Release|Any CPU
		{34188660-9C83-4F6B-9004-C27F9B583704}.Release|x64.Build.0 = Release|Any CPU
		{34188660-9C83-4F6B-9004-C27F9B583704}.Release|x86.ActiveCfg = Release|Any CPU
		{34188660-9C83-4F6B-9004-C27F9B583704}.Release|x86.Build.0 = Release|Any CPU
		{F85DAFF4-6241-4AC3-9004-A772C07D2986}.Debug|Any CPU.ActiveCfg = Debug|Any CPU
		{F85DAFF4-6241-4AC3-9004-A772C07D2986}.Debug|Any CPU.Build.0 = Debug|Any CPU
		{F85DAFF4-6241-4AC3-9004-A772C07D2986}.Debug|x64.ActiveCfg = Debug|Any CPU
		{F85DAFF4-6241-4AC3-9004-A772C07D2986}.Debug|x64.Build.0 = Debug|Any CPU
		{F85DAFF4-6241-4AC3-9004-A772C07D2986}.Debug|x86.ActiveCfg = Debug|Any CPU
		{F85DAFF4-6241-4AC3-9004-A772C07D2986}.Debug|x86.Build.0 = Debug|Any CPU
		{F85DAFF4-6241-4AC3-9004-A772C07D2986}.Release|Any CPU.ActiveCfg = Release|Any CPU
		{F85DAFF4-6241-4AC3-9004-A772C07D2986}.Release|Any CPU.Build.0 = Release|Any CPU
		{F85DAFF4-6241-4AC3-9004-A772C07D2986}.Release|x64.ActiveCfg = Release|Any CPU
		{F85DAFF4-6241-4AC3-9004-A772C07D2986}.Release|x64.Build.0 = Release|Any CPU
		{F85DAFF4-6241-4AC3-9004-A772C07D2986}.Release|x86.ActiveCfg = Release|Any CPU
		{F85DAFF4-6241-4AC3-9004-A772C07D2986}.Release|x86.Build.0 = Release|Any CPU
		{DC71F06C-E79D-4415-9C90-3525F9CBFF49}.Debug|Any CPU.ActiveCfg = Debug|Any CPU
		{DC71F06C-E79D-4415-9C90-3525F9CBFF49}.Debug|Any CPU.Build.0 = Debug|Any CPU
		{DC71F06C-E79D-4415-9C90-3525F9CBFF49}.Debug|x64.ActiveCfg = Debug|Any CPU
		{DC71F06C-E79D-4415-9C90-3525F9CBFF49}.Debug|x64.Build.0 = Debug|Any CPU
		{DC71F06C-E79D-4415-9C90-3525F9CBFF49}.Debug|x86.ActiveCfg = Debug|Any CPU
		{DC71F06C-E79D-4415-9C90-3525F9CBFF49}.Debug|x86.Build.0 = Debug|Any CPU
		{DC71F06C-E79D-4415-9C90-3525F9CBFF49}.Release|Any CPU.ActiveCfg = Release|Any CPU
		{DC71F06C-E79D-4415-9C90-3525F9CBFF49}.Release|Any CPU.Build.0 = Release|Any CPU
		{DC71F06C-E79D-4415-9C90-3525F9CBFF49}.Release|x64.ActiveCfg = Release|Any CPU
		{DC71F06C-E79D-4415-9C90-3525F9CBFF49}.Release|x64.Build.0 = Release|Any CPU
		{DC71F06C-E79D-4415-9C90-3525F9CBFF49}.Release|x86.ActiveCfg = Release|Any CPU
		{DC71F06C-E79D-4415-9C90-3525F9CBFF49}.Release|x86.Build.0 = Release|Any CPU
		{EE4A06C0-221C-4BC3-BC18-C93C248E615B}.Debug|Any CPU.ActiveCfg = Debug|Any CPU
		{EE4A06C0-221C-4BC3-BC18-C93C248E615B}.Debug|Any CPU.Build.0 = Debug|Any CPU
		{EE4A06C0-221C-4BC3-BC18-C93C248E615B}.Debug|x64.ActiveCfg = Debug|Any CPU
		{EE4A06C0-221C-4BC3-BC18-C93C248E615B}.Debug|x64.Build.0 = Debug|Any CPU
		{EE4A06C0-221C-4BC3-BC18-C93C248E615B}.Debug|x86.ActiveCfg = Debug|Any CPU
		{EE4A06C0-221C-4BC3-BC18-C93C248E615B}.Debug|x86.Build.0 = Debug|Any CPU
		{EE4A06C0-221C-4BC3-BC18-C93C248E615B}.Release|Any CPU.ActiveCfg = Release|Any CPU
		{EE4A06C0-221C-4BC3-BC18-C93C248E615B}.Release|Any CPU.Build.0 = Release|Any CPU
		{EE4A06C0-221C-4BC3-BC18-C93C248E615B}.Release|x64.ActiveCfg = Release|Any CPU
		{EE4A06C0-221C-4BC3-BC18-C93C248E615B}.Release|x64.Build.0 = Release|Any CPU
		{EE4A06C0-221C-4BC3-BC18-C93C248E615B}.Release|x86.ActiveCfg = Release|Any CPU
		{EE4A06C0-221C-4BC3-BC18-C93C248E615B}.Release|x86.Build.0 = Release|Any CPU
		{423B8EE7-BBBB-442F-ACD0-AA5D2F3139A3}.Debug|Any CPU.ActiveCfg = Debug|Any CPU
		{423B8EE7-BBBB-442F-ACD0-AA5D2F3139A3}.Debug|Any CPU.Build.0 = Debug|Any CPU
		{423B8EE7-BBBB-442F-ACD0-AA5D2F3139A3}.Debug|x64.ActiveCfg = Debug|Any CPU
		{423B8EE7-BBBB-442F-ACD0-AA5D2F3139A3}.Debug|x64.Build.0 = Debug|Any CPU
		{423B8EE7-BBBB-442F-ACD0-AA5D2F3139A3}.Debug|x86.ActiveCfg = Debug|Any CPU
		{423B8EE7-BBBB-442F-ACD0-AA5D2F3139A3}.Debug|x86.Build.0 = Debug|Any CPU
		{423B8EE7-BBBB-442F-ACD0-AA5D2F3139A3}.Release|Any CPU.ActiveCfg = Release|Any CPU
		{423B8EE7-BBBB-442F-ACD0-AA5D2F3139A3}.Release|Any CPU.Build.0 = Release|Any CPU
		{423B8EE7-BBBB-442F-ACD0-AA5D2F3139A3}.Release|x64.ActiveCfg = Release|Any CPU
		{423B8EE7-BBBB-442F-ACD0-AA5D2F3139A3}.Release|x64.Build.0 = Release|Any CPU
		{423B8EE7-BBBB-442F-ACD0-AA5D2F3139A3}.Release|x86.ActiveCfg = Release|Any CPU
		{423B8EE7-BBBB-442F-ACD0-AA5D2F3139A3}.Release|x86.Build.0 = Release|Any CPU
		{E85F018B-04B6-41A3-86F8-120360B8D6E7}.Debug|Any CPU.ActiveCfg = Debug|Any CPU
		{E85F018B-04B6-41A3-86F8-120360B8D6E7}.Debug|Any CPU.Build.0 = Debug|Any CPU
		{E85F018B-04B6-41A3-86F8-120360B8D6E7}.Debug|x64.ActiveCfg = Debug|Any CPU
		{E85F018B-04B6-41A3-86F8-120360B8D6E7}.Debug|x64.Build.0 = Debug|Any CPU
		{E85F018B-04B6-41A3-86F8-120360B8D6E7}.Debug|x86.ActiveCfg = Debug|Any CPU
		{E85F018B-04B6-41A3-86F8-120360B8D6E7}.Debug|x86.Build.0 = Debug|Any CPU
		{E85F018B-04B6-41A3-86F8-120360B8D6E7}.Release|Any CPU.ActiveCfg = Release|Any CPU
		{E85F018B-04B6-41A3-86F8-120360B8D6E7}.Release|Any CPU.Build.0 = Release|Any CPU
		{E85F018B-04B6-41A3-86F8-120360B8D6E7}.Release|x64.ActiveCfg = Release|Any CPU
		{E85F018B-04B6-41A3-86F8-120360B8D6E7}.Release|x64.Build.0 = Release|Any CPU
		{E85F018B-04B6-41A3-86F8-120360B8D6E7}.Release|x86.ActiveCfg = Release|Any CPU
		{E85F018B-04B6-41A3-86F8-120360B8D6E7}.Release|x86.Build.0 = Release|Any CPU
	EndGlobalSection
	GlobalSection(SolutionProperties) = preSolution
		HideSolutionNode = FALSE
	EndGlobalSection
	GlobalSection(NestedProjects) = preSolution
		{A905E42C-E56E-493B-8BB5-63B4E04584C8} = {3AFEDDFA-D207-4CDD-A6AD-6832BD8B0A83}
		{BA6923A8-0332-4EBF-8D46-616CE99ECF5D} = {3AFEDDFA-D207-4CDD-A6AD-6832BD8B0A83}
		{138C2530-F181-45C3-97E6-B560B87DE834} = {3AFEDDFA-D207-4CDD-A6AD-6832BD8B0A83}
		{2F41B8AE-6588-46DF-B119-7418DE3CD3B2} = {3AFEDDFA-D207-4CDD-A6AD-6832BD8B0A83}
		{B97AC705-3781-44DC-95C0-56DE4D8F339C} = {3AFEDDFA-D207-4CDD-A6AD-6832BD8B0A83}
		{43877B59-F41A-408C-8719-F14574BAC3AB} = {3AFEDDFA-D207-4CDD-A6AD-6832BD8B0A83}
		{A2941801-C897-4DBF-9774-B6F193521427} = {3AFEDDFA-D207-4CDD-A6AD-6832BD8B0A83}
		{A70FD749-BE17-4934-AD2A-789006F15A13} = {3AFEDDFA-D207-4CDD-A6AD-6832BD8B0A83}
		{0CDB1D5C-9073-460D-B89B-F0C09AF32304} = {3AFEDDFA-D207-4CDD-A6AD-6832BD8B0A83}
		{91257060-4EB4-4552-B63B-02D9D2D5408D} = {3AFEDDFA-D207-4CDD-A6AD-6832BD8B0A83}
		{C126FB2C-C4E2-478B-8315-9130AAE38160} = {3AFEDDFA-D207-4CDD-A6AD-6832BD8B0A83}
		{34188660-9C83-4F6B-9004-C27F9B583704} = {3AFEDDFA-D207-4CDD-A6AD-6832BD8B0A83}
		{F85DAFF4-6241-4AC3-9004-A772C07D2986} = {3AFEDDFA-D207-4CDD-A6AD-6832BD8B0A83}
		{DC71F06C-E79D-4415-9C90-3525F9CBFF49} = {3AFEDDFA-D207-4CDD-A6AD-6832BD8B0A83}
		{EE4A06C0-221C-4BC3-BC18-C93C248E615B} = {3AFEDDFA-D207-4CDD-A6AD-6832BD8B0A83}
		{E85F018B-04B6-41A3-86F8-120360B8D6E7} = {3AFEDDFA-D207-4CDD-A6AD-6832BD8B0A83}
	EndGlobalSection
	GlobalSection(ExtensibilityGlobals) = postSolution
		SolutionGuid = {3E346340-2F67-49B9-8F01-6B012C57586E}
	EndGlobalSection
EndGlobal
