
Microsoft Visual Studio Solution File, Format Version 12.00
# Visual Studio Version 17
VisualStudioVersion = 17.2.32526.322
MinimumVisualStudioVersion = 10.0.40219.1
Project("{9A19103F-16F7-4668-BE54-9A1E7A4F7556}") = "TesseractEngine-Tests-Core", "TesseractEngine-Tests-Core\TesseractEngine-Tests-Core.csproj", "{0C939FA8-26DA-4B30-B66F-21D8B31B61B2}"
EndProject
Project("{9A19103F-16F7-4668-BE54-9A1E7A4F7556}") = "TesseractEngine-Core", "TesseractEngine\TesseractEngine-Core\TesseractEngine-Core.csproj", "{A905E42C-E56E-493B-8BB5-63B4E04584C8}"
EndProject
Project("{9A19103F-16F7-4668-BE54-9A1E7A4F7556}") = "TesseractEngine-GLFW", "TesseractEngine\TesseractEngine-GLFW\TesseractEngine-GLFW.csproj", "{BA6923A8-0332-4EBF-8D46-616CE99ECF5D}"
EndProject
Project("{9A19103F-16F7-4668-BE54-9A1E7A4F7556}") = "TesseractEngine-Vulkan", "TesseractEngine\TesseractEngine-Vulkan\TesseractEngine-Vulkan.csproj", "{138C2530-F181-45C3-97E6-B560B87DE834}"
EndProject
Project("{9A19103F-16F7-4668-BE54-9A1E7A4F7556}") = "TesseractEngine-Tests-All", "TesseractEngine-Tests-All\TesseractEngine-Tests-All.csproj", "{016CD4BB-F593-4B35-92BC-E6623ECA8111}"
EndProject
Project("{9A19103F-16F7-4668-BE54-9A1E7A4F7556}") = "TesseractEngine-Tests-GLFW", "TesseractEngine-Tests-GLFW\TesseractEngine-Tests-GLFW.csproj", "{45375AA2-90E4-4660-9FBD-5DC8F70150BF}"
EndProject
Project("{9A19103F-16F7-4668-BE54-9A1E7A4F7556}") = "TesseractEngine-GL", "TesseractEngine\TesseractEngine-GL\TesseractEngine-GL.csproj", "{2F41B8AE-6588-46DF-B119-7418DE3CD3B2}"
EndProject
Project("{9A19103F-16F7-4668-BE54-9A1E7A4F7556}") = "TesseractEngine-Tests-GL", "TesseractEngine-Tests-GL\TesseractEngine-Tests-GL.csproj", "{1D2E0898-C0F5-4E2A-A3FD-ABD4CDA8568C}"
EndProject
Project("{9A19103F-16F7-4668-BE54-9A1E7A4F7556}") = "TesseractEngine-Tests-Vulkan", "TesseractEngine-Tests-Vulkan\TesseractEngine-Tests-Vulkan.csproj", "{C0A44D36-796A-43AE-A454-87392F9C77E0}"
EndProject
Project("{9A19103F-16F7-4668-BE54-9A1E7A4F7556}") = "TesseractEngine-Tests-SDL2", "TesseractEngine-Tests-SDL\TesseractEngine-Tests-SDL2.csproj", "{0A775BA1-35F8-4BF1-B60C-8F518ADFFD59}"
EndProject
Project("{9A19103F-16F7-4668-BE54-9A1E7A4F7556}") = "TesseractEngine-SDL2", "TesseractEngine\TesseractEngine-SDL2\TesseractEngine-SDL2.csproj", "{B97AC705-3781-44DC-95C0-56DE4D8F339C}"
EndProject
Project("{2150E333-8FDC-42A3-9474-1A3956D46DE8}") = "Solution Items", "Solution Items", "{75B5C4A7-F55E-453A-AE6B-12D6E8EBCDF1}"
EndProject
Project("{9A19103F-16F7-4668-BE54-9A1E7A4F7556}") = "TesseractEngine-ImGui", "TesseractEngine\TesseractEngine-ImGui\TesseractEngine-ImGui.csproj", "{43877B59-F41A-408C-8719-F14574BAC3AB}"
EndProject
Project("{8BC9CEB8-8B4A-11D0-8D11-00A0C91BC942}") = "TesseractEngine-ImGui-CLI", "TesseractEngine\TesseractEngine-ImGui-CLI\TesseractEngine-ImGui-CLI.vcxproj", "{A2941801-C897-4DBF-9774-B6F193521427}"
EndProject
Project("{9A19103F-16F7-4668-BE54-9A1E7A4F7556}") = "TesseractEngine-Tests-ImGui", "TesseractEngine-Tests-ImGui\TesseractEngine-Tests-ImGui.csproj", "{2459BDED-DF85-4E5F-866B-474163B3E679}"
EndProject
Project("{9A19103F-16F7-4668-BE54-9A1E7A4F7556}") = "TesseractEngine-ImGui-SDL2", "TesseractEngine\TesseractEngine-ImGui-SDL2\TesseractEngine-ImGui-SDL2.csproj", "{A70FD749-BE17-4934-AD2A-789006F15A13}"
EndProject
Project("{9A19103F-16F7-4668-BE54-9A1E7A4F7556}") = "TesseractEngine-ImGui-OpenGL", "TesseractEngine\TesseractEngine-ImGui-OpenGL\TesseractEngine-ImGui-OpenGL.csproj", "{0CDB1D5C-9073-460D-B89B-F0C09AF32304}"
EndProject
Global
	GlobalSection(SolutionConfigurationPlatforms) = preSolution
		Debug|Any CPU = Debug|Any CPU
		Debug|x64 = Debug|x64
		Debug|x86 = Debug|x86
		Release|Any CPU = Release|Any CPU
		Release|x64 = Release|x64
		Release|x86 = Release|x86
	EndGlobalSection
	GlobalSection(ProjectConfigurationPlatforms) = postSolution
		{0C939FA8-26DA-4B30-B66F-21D8B31B61B2}.Debug|Any CPU.ActiveCfg = Debug|Any CPU
		{0C939FA8-26DA-4B30-B66F-21D8B31B61B2}.Debug|Any CPU.Build.0 = Debug|Any CPU
		{0C939FA8-26DA-4B30-B66F-21D8B31B61B2}.Debug|x64.ActiveCfg = Debug|Any CPU
		{0C939FA8-26DA-4B30-B66F-21D8B31B61B2}.Debug|x64.Build.0 = Debug|Any CPU
		{0C939FA8-26DA-4B30-B66F-21D8B31B61B2}.Debug|x86.ActiveCfg = Debug|Any CPU
		{0C939FA8-26DA-4B30-B66F-21D8B31B61B2}.Debug|x86.Build.0 = Debug|Any CPU
		{0C939FA8-26DA-4B30-B66F-21D8B31B61B2}.Release|Any CPU.ActiveCfg = Release|Any CPU
		{0C939FA8-26DA-4B30-B66F-21D8B31B61B2}.Release|Any CPU.Build.0 = Release|Any CPU
		{0C939FA8-26DA-4B30-B66F-21D8B31B61B2}.Release|x64.ActiveCfg = Release|Any CPU
		{0C939FA8-26DA-4B30-B66F-21D8B31B61B2}.Release|x64.Build.0 = Release|Any CPU
		{0C939FA8-26DA-4B30-B66F-21D8B31B61B2}.Release|x86.ActiveCfg = Release|Any CPU
		{0C939FA8-26DA-4B30-B66F-21D8B31B61B2}.Release|x86.Build.0 = Release|Any CPU
		{A905E42C-E56E-493B-8BB5-63B4E04584C8}.Debug|Any CPU.ActiveCfg = Debug|Any CPU
		{A905E42C-E56E-493B-8BB5-63B4E04584C8}.Debug|Any CPU.Build.0 = Debug|Any CPU
		{A905E42C-E56E-493B-8BB5-63B4E04584C8}.Debug|x64.ActiveCfg = Debug|Any CPU
		{A905E42C-E56E-493B-8BB5-63B4E04584C8}.Debug|x64.Build.0 = Debug|Any CPU
		{A905E42C-E56E-493B-8BB5-63B4E04584C8}.Debug|x86.ActiveCfg = Debug|Any CPU
		{A905E42C-E56E-493B-8BB5-63B4E04584C8}.Debug|x86.Build.0 = Debug|Any CPU
		{A905E42C-E56E-493B-8BB5-63B4E04584C8}.Release|Any CPU.ActiveCfg = Release|Any CPU
		{A905E42C-E56E-493B-8BB5-63B4E04584C8}.Release|Any CPU.Build.0 = Release|Any CPU
		{A905E42C-E56E-493B-8BB5-63B4E04584C8}.Release|x64.ActiveCfg = Release|Any CPU
		{A905E42C-E56E-493B-8BB5-63B4E04584C8}.Release|x64.Build.0 = Release|Any CPU
		{A905E42C-E56E-493B-8BB5-63B4E04584C8}.Release|x86.ActiveCfg = Release|Any CPU
		{A905E42C-E56E-493B-8BB5-63B4E04584C8}.Release|x86.Build.0 = Release|Any CPU
		{BA6923A8-0332-4EBF-8D46-616CE99ECF5D}.Debug|Any CPU.ActiveCfg = Debug|Any CPU
		{BA6923A8-0332-4EBF-8D46-616CE99ECF5D}.Debug|Any CPU.Build.0 = Debug|Any CPU
		{BA6923A8-0332-4EBF-8D46-616CE99ECF5D}.Debug|x64.ActiveCfg = Debug|Any CPU
		{BA6923A8-0332-4EBF-8D46-616CE99ECF5D}.Debug|x64.Build.0 = Debug|Any CPU
		{BA6923A8-0332-4EBF-8D46-616CE99ECF5D}.Debug|x86.ActiveCfg = Debug|Any CPU
		{BA6923A8-0332-4EBF-8D46-616CE99ECF5D}.Debug|x86.Build.0 = Debug|Any CPU
		{BA6923A8-0332-4EBF-8D46-616CE99ECF5D}.Release|Any CPU.ActiveCfg = Release|Any CPU
		{BA6923A8-0332-4EBF-8D46-616CE99ECF5D}.Release|Any CPU.Build.0 = Release|Any CPU
		{BA6923A8-0332-4EBF-8D46-616CE99ECF5D}.Release|x64.ActiveCfg = Release|Any CPU
		{BA6923A8-0332-4EBF-8D46-616CE99ECF5D}.Release|x64.Build.0 = Release|Any CPU
		{BA6923A8-0332-4EBF-8D46-616CE99ECF5D}.Release|x86.ActiveCfg = Release|Any CPU
		{BA6923A8-0332-4EBF-8D46-616CE99ECF5D}.Release|x86.Build.0 = Release|Any CPU
		{138C2530-F181-45C3-97E6-B560B87DE834}.Debug|Any CPU.ActiveCfg = Debug|Any CPU
		{138C2530-F181-45C3-97E6-B560B87DE834}.Debug|Any CPU.Build.0 = Debug|Any CPU
		{138C2530-F181-45C3-97E6-B560B87DE834}.Debug|x64.ActiveCfg = Debug|Any CPU
		{138C2530-F181-45C3-97E6-B560B87DE834}.Debug|x64.Build.0 = Debug|Any CPU
		{138C2530-F181-45C3-97E6-B560B87DE834}.Debug|x86.ActiveCfg = Debug|Any CPU
		{138C2530-F181-45C3-97E6-B560B87DE834}.Debug|x86.Build.0 = Debug|Any CPU
		{138C2530-F181-45C3-97E6-B560B87DE834}.Release|Any CPU.ActiveCfg = Release|Any CPU
		{138C2530-F181-45C3-97E6-B560B87DE834}.Release|Any CPU.Build.0 = Release|Any CPU
		{138C2530-F181-45C3-97E6-B560B87DE834}.Release|x64.ActiveCfg = Release|Any CPU
		{138C2530-F181-45C3-97E6-B560B87DE834}.Release|x64.Build.0 = Release|Any CPU
		{138C2530-F181-45C3-97E6-B560B87DE834}.Release|x86.ActiveCfg = Release|Any CPU
		{138C2530-F181-45C3-97E6-B560B87DE834}.Release|x86.Build.0 = Release|Any CPU
		{016CD4BB-F593-4B35-92BC-E6623ECA8111}.Debug|Any CPU.ActiveCfg = Debug|Any CPU
		{016CD4BB-F593-4B35-92BC-E6623ECA8111}.Debug|Any CPU.Build.0 = Debug|Any CPU
		{016CD4BB-F593-4B35-92BC-E6623ECA8111}.Debug|x64.ActiveCfg = Debug|Any CPU
		{016CD4BB-F593-4B35-92BC-E6623ECA8111}.Debug|x64.Build.0 = Debug|Any CPU
		{016CD4BB-F593-4B35-92BC-E6623ECA8111}.Debug|x86.ActiveCfg = Debug|Any CPU
		{016CD4BB-F593-4B35-92BC-E6623ECA8111}.Debug|x86.Build.0 = Debug|Any CPU
		{016CD4BB-F593-4B35-92BC-E6623ECA8111}.Release|Any CPU.ActiveCfg = Release|Any CPU
		{016CD4BB-F593-4B35-92BC-E6623ECA8111}.Release|Any CPU.Build.0 = Release|Any CPU
		{016CD4BB-F593-4B35-92BC-E6623ECA8111}.Release|x64.ActiveCfg = Release|Any CPU
		{016CD4BB-F593-4B35-92BC-E6623ECA8111}.Release|x64.Build.0 = Release|Any CPU
		{016CD4BB-F593-4B35-92BC-E6623ECA8111}.Release|x86.ActiveCfg = Release|Any CPU
		{016CD4BB-F593-4B35-92BC-E6623ECA8111}.Release|x86.Build.0 = Release|Any CPU
		{45375AA2-90E4-4660-9FBD-5DC8F70150BF}.Debug|Any CPU.ActiveCfg = Debug|Any CPU
		{45375AA2-90E4-4660-9FBD-5DC8F70150BF}.Debug|Any CPU.Build.0 = Debug|Any CPU
		{45375AA2-90E4-4660-9FBD-5DC8F70150BF}.Debug|x64.ActiveCfg = Debug|Any CPU
		{45375AA2-90E4-4660-9FBD-5DC8F70150BF}.Debug|x64.Build.0 = Debug|Any CPU
		{45375AA2-90E4-4660-9FBD-5DC8F70150BF}.Debug|x86.ActiveCfg = Debug|Any CPU
		{45375AA2-90E4-4660-9FBD-5DC8F70150BF}.Debug|x86.Build.0 = Debug|Any CPU
		{45375AA2-90E4-4660-9FBD-5DC8F70150BF}.Release|Any CPU.ActiveCfg = Release|Any CPU
		{45375AA2-90E4-4660-9FBD-5DC8F70150BF}.Release|Any CPU.Build.0 = Release|Any CPU
		{45375AA2-90E4-4660-9FBD-5DC8F70150BF}.Release|x64.ActiveCfg = Release|Any CPU
		{45375AA2-90E4-4660-9FBD-5DC8F70150BF}.Release|x64.Build.0 = Release|Any CPU
		{45375AA2-90E4-4660-9FBD-5DC8F70150BF}.Release|x86.ActiveCfg = Release|Any CPU
		{45375AA2-90E4-4660-9FBD-5DC8F70150BF}.Release|x86.Build.0 = Release|Any CPU
		{2F41B8AE-6588-46DF-B119-7418DE3CD3B2}.Debug|Any CPU.ActiveCfg = Debug|Any CPU
		{2F41B8AE-6588-46DF-B119-7418DE3CD3B2}.Debug|Any CPU.Build.0 = Debug|Any CPU
		{2F41B8AE-6588-46DF-B119-7418DE3CD3B2}.Debug|x64.ActiveCfg = Debug|Any CPU
		{2F41B8AE-6588-46DF-B119-7418DE3CD3B2}.Debug|x64.Build.0 = Debug|Any CPU
		{2F41B8AE-6588-46DF-B119-7418DE3CD3B2}.Debug|x86.ActiveCfg = Debug|Any CPU
		{2F41B8AE-6588-46DF-B119-7418DE3CD3B2}.Debug|x86.Build.0 = Debug|Any CPU
		{2F41B8AE-6588-46DF-B119-7418DE3CD3B2}.Release|Any CPU.ActiveCfg = Release|Any CPU
		{2F41B8AE-6588-46DF-B119-7418DE3CD3B2}.Release|Any CPU.Build.0 = Release|Any CPU
		{2F41B8AE-6588-46DF-B119-7418DE3CD3B2}.Release|x64.ActiveCfg = Release|Any CPU
		{2F41B8AE-6588-46DF-B119-7418DE3CD3B2}.Release|x64.Build.0 = Release|Any CPU
		{2F41B8AE-6588-46DF-B119-7418DE3CD3B2}.Release|x86.ActiveCfg = Release|Any CPU
		{2F41B8AE-6588-46DF-B119-7418DE3CD3B2}.Release|x86.Build.0 = Release|Any CPU
		{1D2E0898-C0F5-4E2A-A3FD-ABD4CDA8568C}.Debug|Any CPU.ActiveCfg = Debug|Any CPU
		{1D2E0898-C0F5-4E2A-A3FD-ABD4CDA8568C}.Debug|Any CPU.Build.0 = Debug|Any CPU
		{1D2E0898-C0F5-4E2A-A3FD-ABD4CDA8568C}.Debug|x64.ActiveCfg = Debug|Any CPU
		{1D2E0898-C0F5-4E2A-A3FD-ABD4CDA8568C}.Debug|x64.Build.0 = Debug|Any CPU
		{1D2E0898-C0F5-4E2A-A3FD-ABD4CDA8568C}.Debug|x86.ActiveCfg = Debug|Any CPU
		{1D2E0898-C0F5-4E2A-A3FD-ABD4CDA8568C}.Debug|x86.Build.0 = Debug|Any CPU
		{1D2E0898-C0F5-4E2A-A3FD-ABD4CDA8568C}.Release|Any CPU.ActiveCfg = Release|Any CPU
		{1D2E0898-C0F5-4E2A-A3FD-ABD4CDA8568C}.Release|Any CPU.Build.0 = Release|Any CPU
		{1D2E0898-C0F5-4E2A-A3FD-ABD4CDA8568C}.Release|x64.ActiveCfg = Release|Any CPU
		{1D2E0898-C0F5-4E2A-A3FD-ABD4CDA8568C}.Release|x64.Build.0 = Release|Any CPU
		{1D2E0898-C0F5-4E2A-A3FD-ABD4CDA8568C}.Release|x86.ActiveCfg = Release|Any CPU
		{1D2E0898-C0F5-4E2A-A3FD-ABD4CDA8568C}.Release|x86.Build.0 = Release|Any CPU
		{C0A44D36-796A-43AE-A454-87392F9C77E0}.Debug|Any CPU.ActiveCfg = Debug|Any CPU
		{C0A44D36-796A-43AE-A454-87392F9C77E0}.Debug|Any CPU.Build.0 = Debug|Any CPU
		{C0A44D36-796A-43AE-A454-87392F9C77E0}.Debug|x64.ActiveCfg = Debug|Any CPU
		{C0A44D36-796A-43AE-A454-87392F9C77E0}.Debug|x64.Build.0 = Debug|Any CPU
		{C0A44D36-796A-43AE-A454-87392F9C77E0}.Debug|x86.ActiveCfg = Debug|Any CPU
		{C0A44D36-796A-43AE-A454-87392F9C77E0}.Debug|x86.Build.0 = Debug|Any CPU
		{C0A44D36-796A-43AE-A454-87392F9C77E0}.Release|Any CPU.ActiveCfg = Release|Any CPU
		{C0A44D36-796A-43AE-A454-87392F9C77E0}.Release|Any CPU.Build.0 = Release|Any CPU
		{C0A44D36-796A-43AE-A454-87392F9C77E0}.Release|x64.ActiveCfg = Release|Any CPU
		{C0A44D36-796A-43AE-A454-87392F9C77E0}.Release|x64.Build.0 = Release|Any CPU
		{C0A44D36-796A-43AE-A454-87392F9C77E0}.Release|x86.ActiveCfg = Release|Any CPU
		{C0A44D36-796A-43AE-A454-87392F9C77E0}.Release|x86.Build.0 = Release|Any CPU
		{0A775BA1-35F8-4BF1-B60C-8F518ADFFD59}.Debug|Any CPU.ActiveCfg = Debug|Any CPU
		{0A775BA1-35F8-4BF1-B60C-8F518ADFFD59}.Debug|Any CPU.Build.0 = Debug|Any CPU
		{0A775BA1-35F8-4BF1-B60C-8F518ADFFD59}.Debug|x64.ActiveCfg = Debug|Any CPU
		{0A775BA1-35F8-4BF1-B60C-8F518ADFFD59}.Debug|x64.Build.0 = Debug|Any CPU
		{0A775BA1-35F8-4BF1-B60C-8F518ADFFD59}.Debug|x86.ActiveCfg = Debug|Any CPU
		{0A775BA1-35F8-4BF1-B60C-8F518ADFFD59}.Debug|x86.Build.0 = Debug|Any CPU
		{0A775BA1-35F8-4BF1-B60C-8F518ADFFD59}.Release|Any CPU.ActiveCfg = Release|Any CPU
		{0A775BA1-35F8-4BF1-B60C-8F518ADFFD59}.Release|Any CPU.Build.0 = Release|Any CPU
		{0A775BA1-35F8-4BF1-B60C-8F518ADFFD59}.Release|x64.ActiveCfg = Release|Any CPU
		{0A775BA1-35F8-4BF1-B60C-8F518ADFFD59}.Release|x64.Build.0 = Release|Any CPU
		{0A775BA1-35F8-4BF1-B60C-8F518ADFFD59}.Release|x86.ActiveCfg = Release|Any CPU
		{0A775BA1-35F8-4BF1-B60C-8F518ADFFD59}.Release|x86.Build.0 = Release|Any CPU
		{B97AC705-3781-44DC-95C0-56DE4D8F339C}.Debug|Any CPU.ActiveCfg = Debug|Any CPU
		{B97AC705-3781-44DC-95C0-56DE4D8F339C}.Debug|Any CPU.Build.0 = Debug|Any CPU
		{B97AC705-3781-44DC-95C0-56DE4D8F339C}.Debug|x64.ActiveCfg = Debug|Any CPU
		{B97AC705-3781-44DC-95C0-56DE4D8F339C}.Debug|x64.Build.0 = Debug|Any CPU
		{B97AC705-3781-44DC-95C0-56DE4D8F339C}.Debug|x86.ActiveCfg = Debug|Any CPU
		{B97AC705-3781-44DC-95C0-56DE4D8F339C}.Debug|x86.Build.0 = Debug|Any CPU
		{B97AC705-3781-44DC-95C0-56DE4D8F339C}.Release|Any CPU.ActiveCfg = Release|Any CPU
		{B97AC705-3781-44DC-95C0-56DE4D8F339C}.Release|Any CPU.Build.0 = Release|Any CPU
		{B97AC705-3781-44DC-95C0-56DE4D8F339C}.Release|x64.ActiveCfg = Release|Any CPU
		{B97AC705-3781-44DC-95C0-56DE4D8F339C}.Release|x64.Build.0 = Release|Any CPU
		{B97AC705-3781-44DC-95C0-56DE4D8F339C}.Release|x86.ActiveCfg = Release|Any CPU
		{B97AC705-3781-44DC-95C0-56DE4D8F339C}.Release|x86.Build.0 = Release|Any CPU
		{43877B59-F41A-408C-8719-F14574BAC3AB}.Debug|Any CPU.ActiveCfg = Debug|Any CPU
		{43877B59-F41A-408C-8719-F14574BAC3AB}.Debug|Any CPU.Build.0 = Debug|Any CPU
		{43877B59-F41A-408C-8719-F14574BAC3AB}.Debug|x64.ActiveCfg = Debug|Any CPU
		{43877B59-F41A-408C-8719-F14574BAC3AB}.Debug|x64.Build.0 = Debug|Any CPU
		{43877B59-F41A-408C-8719-F14574BAC3AB}.Debug|x86.ActiveCfg = Debug|Any CPU
		{43877B59-F41A-408C-8719-F14574BAC3AB}.Debug|x86.Build.0 = Debug|Any CPU
		{43877B59-F41A-408C-8719-F14574BAC3AB}.Release|Any CPU.ActiveCfg = Release|Any CPU
		{43877B59-F41A-408C-8719-F14574BAC3AB}.Release|Any CPU.Build.0 = Release|Any CPU
		{43877B59-F41A-408C-8719-F14574BAC3AB}.Release|x64.ActiveCfg = Release|Any CPU
		{43877B59-F41A-408C-8719-F14574BAC3AB}.Release|x64.Build.0 = Release|Any CPU
		{43877B59-F41A-408C-8719-F14574BAC3AB}.Release|x86.ActiveCfg = Release|Any CPU
		{43877B59-F41A-408C-8719-F14574BAC3AB}.Release|x86.Build.0 = Release|Any CPU
		{A2941801-C897-4DBF-9774-B6F193521427}.Debug|Any CPU.ActiveCfg = Debug|x64
		{A2941801-C897-4DBF-9774-B6F193521427}.Debug|Any CPU.Build.0 = Debug|x64
		{A2941801-C897-4DBF-9774-B6F193521427}.Debug|x64.ActiveCfg = Debug|x64
		{A2941801-C897-4DBF-9774-B6F193521427}.Debug|x64.Build.0 = Debug|x64
		{A2941801-C897-4DBF-9774-B6F193521427}.Debug|x86.ActiveCfg = Debug|Win32
		{A2941801-C897-4DBF-9774-B6F193521427}.Debug|x86.Build.0 = Debug|Win32
		{A2941801-C897-4DBF-9774-B6F193521427}.Release|Any CPU.ActiveCfg = Release|x64
		{A2941801-C897-4DBF-9774-B6F193521427}.Release|Any CPU.Build.0 = Release|x64
		{A2941801-C897-4DBF-9774-B6F193521427}.Release|x64.ActiveCfg = Release|x64
		{A2941801-C897-4DBF-9774-B6F193521427}.Release|x64.Build.0 = Release|x64
		{A2941801-C897-4DBF-9774-B6F193521427}.Release|x86.ActiveCfg = Release|Win32
		{A2941801-C897-4DBF-9774-B6F193521427}.Release|x86.Build.0 = Release|Win32
		{2459BDED-DF85-4E5F-866B-474163B3E679}.Debug|Any CPU.ActiveCfg = Debug|Any CPU
		{2459BDED-DF85-4E5F-866B-474163B3E679}.Debug|Any CPU.Build.0 = Debug|Any CPU
		{2459BDED-DF85-4E5F-866B-474163B3E679}.Debug|x64.ActiveCfg = Debug|Any CPU
		{2459BDED-DF85-4E5F-866B-474163B3E679}.Debug|x64.Build.0 = Debug|Any CPU
		{2459BDED-DF85-4E5F-866B-474163B3E679}.Debug|x86.ActiveCfg = Debug|Any CPU
		{2459BDED-DF85-4E5F-866B-474163B3E679}.Debug|x86.Build.0 = Debug|Any CPU
		{2459BDED-DF85-4E5F-866B-474163B3E679}.Release|Any CPU.ActiveCfg = Release|Any CPU
		{2459BDED-DF85-4E5F-866B-474163B3E679}.Release|Any CPU.Build.0 = Release|Any CPU
		{2459BDED-DF85-4E5F-866B-474163B3E679}.Release|x64.ActiveCfg = Release|Any CPU
		{2459BDED-DF85-4E5F-866B-474163B3E679}.Release|x64.Build.0 = Release|Any CPU
		{2459BDED-DF85-4E5F-866B-474163B3E679}.Release|x86.ActiveCfg = Release|Any CPU
		{2459BDED-DF85-4E5F-866B-474163B3E679}.Release|x86.Build.0 = Release|Any CPU
		{A70FD749-BE17-4934-AD2A-789006F15A13}.Debug|Any CPU.ActiveCfg = Debug|Any CPU
		{A70FD749-BE17-4934-AD2A-789006F15A13}.Debug|Any CPU.Build.0 = Debug|Any CPU
		{A70FD749-BE17-4934-AD2A-789006F15A13}.Debug|x64.ActiveCfg = Debug|Any CPU
		{A70FD749-BE17-4934-AD2A-789006F15A13}.Debug|x64.Build.0 = Debug|Any CPU
		{A70FD749-BE17-4934-AD2A-789006F15A13}.Debug|x86.ActiveCfg = Debug|Any CPU
		{A70FD749-BE17-4934-AD2A-789006F15A13}.Debug|x86.Build.0 = Debug|Any CPU
		{A70FD749-BE17-4934-AD2A-789006F15A13}.Release|Any CPU.ActiveCfg = Release|Any CPU
		{A70FD749-BE17-4934-AD2A-789006F15A13}.Release|Any CPU.Build.0 = Release|Any CPU
		{A70FD749-BE17-4934-AD2A-789006F15A13}.Release|x64.ActiveCfg = Release|Any CPU
		{A70FD749-BE17-4934-AD2A-789006F15A13}.Release|x64.Build.0 = Release|Any CPU
		{A70FD749-BE17-4934-AD2A-789006F15A13}.Release|x86.ActiveCfg = Release|Any CPU
		{A70FD749-BE17-4934-AD2A-789006F15A13}.Release|x86.Build.0 = Release|Any CPU
		{0CDB1D5C-9073-460D-B89B-F0C09AF32304}.Debug|Any CPU.ActiveCfg = Debug|Any CPU
		{0CDB1D5C-9073-460D-B89B-F0C09AF32304}.Debug|Any CPU.Build.0 = Debug|Any CPU
		{0CDB1D5C-9073-460D-B89B-F0C09AF32304}.Debug|x64.ActiveCfg = Debug|Any CPU
		{0CDB1D5C-9073-460D-B89B-F0C09AF32304}.Debug|x64.Build.0 = Debug|Any CPU
		{0CDB1D5C-9073-460D-B89B-F0C09AF32304}.Debug|x86.ActiveCfg = Debug|Any CPU
		{0CDB1D5C-9073-460D-B89B-F0C09AF32304}.Debug|x86.Build.0 = Debug|Any CPU
		{0CDB1D5C-9073-460D-B89B-F0C09AF32304}.Release|Any CPU.ActiveCfg = Release|Any CPU
		{0CDB1D5C-9073-460D-B89B-F0C09AF32304}.Release|Any CPU.Build.0 = Release|Any CPU
		{0CDB1D5C-9073-460D-B89B-F0C09AF32304}.Release|x64.ActiveCfg = Release|Any CPU
		{0CDB1D5C-9073-460D-B89B-F0C09AF32304}.Release|x64.Build.0 = Release|Any CPU
		{0CDB1D5C-9073-460D-B89B-F0C09AF32304}.Release|x86.ActiveCfg = Release|Any CPU
		{0CDB1D5C-9073-460D-B89B-F0C09AF32304}.Release|x86.Build.0 = Release|Any CPU
	EndGlobalSection
	GlobalSection(SolutionProperties) = preSolution
		HideSolutionNode = FALSE
	EndGlobalSection
	GlobalSection(ExtensibilityGlobals) = postSolution
		SolutionGuid = {3E346340-2F67-49B9-8F01-6B012C57586E}
	EndGlobalSection
EndGlobal
